
Microsoft Visual Studio Solution File, Format Version 12.00
Project("{FAE04EC0-301F-11D3-BF4B-00C04F79EFBC}") = "InvestmentCalculation", "InvestmentCalculation\InvestmentCalculation.csproj", "{EE92FDE8-8997-495C-A73B-C363E11FD628}"
EndProject
Project("{2150E333-8FDC-42A3-9474-1A3956D46DE8}") = "Solution Items", "Solution Items", "{DCEBB384-EFA5-4B1E-97AE-01262CE98A11}"
	ProjectSection(SolutionItems) = preProject
		docker-compose.yml = docker-compose.yml
	EndProjectSection
EndProject
Global
	GlobalSection(SolutionConfigurationPlatforms) = preSolution
		Debug|Any CPU = Debug|Any CPU
		Release|Any CPU = Release|Any CPU
	EndGlobalSection
	GlobalSection(ProjectConfigurationPlatforms) = postSolution
		{EE92FDE8-8997-495C-A73B-C363E11FD628}.Debug|Any CPU.ActiveCfg = Debug|Any CPU
		{EE92FDE8-8997-495C-A73B-C363E11FD628}.Debug|Any CPU.Build.0 = Debug|Any CPU
		{EE92FDE8-8997-495C-A73B-C363E11FD628}.Release|Any CPU.ActiveCfg = Release|Any CPU
		{EE92FDE8-8997-495C-A73B-C363E11FD628}.Release|Any CPU.Build.0 = Release|Any CPU
	EndGlobalSection
EndGlobal
